
Microsoft Visual Studio Solution File, Format Version 12.00
# Visual Studio Version 16
VisualStudioVersion = 16.0.29519.181
MinimumVisualStudioVersion = 10.0.40219.1
Project("{FAE04EC0-301F-11D3-BF4B-00C04F79EFBC}") = "AttendanceProClient", "AttendanceProClient\AttendanceProClient.csproj", "{1ECB34F5-F17C-46FA-B12F-22B08B2158DF}"
EndProject
Project("{FAE04EC0-301F-11D3-BF4B-00C04F79EFBC}") = "AttendanceProClientTests", "AttendanceProClientTests\AttendanceProClientTests.csproj", "{87A33AB2-01A1-4554-8BC8-D19893D80512}"
EndProject
Project("{FAE04EC0-301F-11D3-BF4B-00C04F79EFBC}") = "DotNetCommonLibrary", "DotNetCommonLibrary\DotNetCommonLibrary\DotNetCommonLibrary.csproj", "{77E3B8F2-C384-40C4-AEB0-8947738307C5}"
EndProject
Global
	GlobalSection(SolutionConfigurationPlatforms) = preSolution
		Debug|Any CPU = Debug|Any CPU
		Release|Any CPU = Release|Any CPU
	EndGlobalSection
	GlobalSection(ProjectConfigurationPlatforms) = postSolution
		{1ECB34F5-F17C-46FA-B12F-22B08B2158DF}.Debug|Any CPU.ActiveCfg = Debug|Any CPU
		{1ECB34F5-F17C-46FA-B12F-22B08B2158DF}.Debug|Any CPU.Build.0 = Debug|Any CPU
		{1ECB34F5-F17C-46FA-B12F-22B08B2158DF}.Release|Any CPU.ActiveCfg = Release|Any CPU
		{1ECB34F5-F17C-46FA-B12F-22B08B2158DF}.Release|Any CPU.Build.0 = Release|Any CPU
		{87A33AB2-01A1-4554-8BC8-D19893D80512}.Debug|Any CPU.ActiveCfg = Debug|Any CPU
		{87A33AB2-01A1-4554-8BC8-D19893D80512}.Debug|Any CPU.Build.0 = Debug|Any CPU
		{87A33AB2-01A1-4554-8BC8-D19893D80512}.Release|Any CPU.ActiveCfg = Release|Any CPU
		{87A33AB2-01A1-4554-8BC8-D19893D80512}.Release|Any CPU.Build.0 = Release|Any CPU
		{77E3B8F2-C384-40C4-AEB0-8947738307C5}.Debug|Any CPU.ActiveCfg = Debug|Any CPU
		{77E3B8F2-C384-40C4-AEB0-8947738307C5}.Debug|Any CPU.Build.0 = Debug|Any CPU
		{77E3B8F2-C384-40C4-AEB0-8947738307C5}.Release|Any CPU.ActiveCfg = Release|Any CPU
		{77E3B8F2-C384-40C4-AEB0-8947738307C5}.Release|Any CPU.Build.0 = Release|Any CPU
	EndGlobalSection
	GlobalSection(SolutionProperties) = preSolution
		HideSolutionNode = FALSE
	EndGlobalSection
	GlobalSection(ExtensibilityGlobals) = postSolution
		SolutionGuid = {7650BB11-57AB-4555-BD58-6D7DD2F30881}
	EndGlobalSection
EndGlobal
